
Microsoft Visual Studio Solution File, Format Version 12.00
# Visual Studio Version 17
VisualStudioVersion = 17.9.34622.214
MinimumVisualStudioVersion = 10.0.40219.1
Project("{FAE04EC0-301F-11D3-BF4B-00C04F79EFBC}") = "lab3-bai3", "lab3-bai3\lab3-bai3.csproj", "{52512706-FB73-4667-93C1-E202552CC04D}"
EndProject
Project("{FAE04EC0-301F-11D3-BF4B-00C04F79EFBC}") = "form2", "form2\form2.csproj", "{54C2F039-7394-4CC7-BE73-8382C41D239E}"
EndProject
Global
	GlobalSection(SolutionConfigurationPlatforms) = preSolution
		Debug|Any CPU = Debug|Any CPU
		Release|Any CPU = Release|Any CPU
	EndGlobalSection
	GlobalSection(ProjectConfigurationPlatforms) = postSolution
		{52512706-FB73-4667-93C1-E202552CC04D}.Debug|Any CPU.ActiveCfg = Debug|Any CPU
		{52512706-FB73-4667-93C1-E202552CC04D}.Debug|Any CPU.Build.0 = Debug|Any CPU
		{52512706-FB73-4667-93C1-E202552CC04D}.Release|Any CPU.ActiveCfg = Release|Any CPU
		{52512706-FB73-4667-93C1-E202552CC04D}.Release|Any CPU.Build.0 = Release|Any CPU
		{54C2F039-7394-4CC7-BE73-8382C41D239E}.Debug|Any CPU.ActiveCfg = Debug|Any CPU
		{54C2F039-7394-4CC7-BE73-8382C41D239E}.Debug|Any CPU.Build.0 = Debug|Any CPU
		{54C2F039-7394-4CC7-BE73-8382C41D239E}.Release|Any CPU.ActiveCfg = Release|Any CPU
		{54C2F039-7394-4CC7-BE73-8382C41D239E}.Release|Any CPU.Build.0 = Release|Any CPU
	EndGlobalSection
	GlobalSection(SolutionProperties) = preSolution
		HideSolutionNode = FALSE
	EndGlobalSection
	GlobalSection(ExtensibilityGlobals) = postSolution
		SolutionGuid = {0418C129-A30C-427D-98F3-D54A42111192}
	EndGlobalSection
EndGlobal
